
Microsoft Visual Studio Solution File, Format Version 12.00
# Visual Studio 15
VisualStudioVersion = 15.0.27703.2026
MinimumVisualStudioVersion = 10.0.40219.1
Project("{9A19103F-16F7-4668-BE54-9A1E7A4F7556}") = "Dapperer", "Dapperer\Dapperer.csproj", "{7A2A3C1D-FC60-4DCA-9692-4CBA76215F6D}"
EndProject
Project("{2150E333-8FDC-42A3-9474-1A3956D46DE8}") = "Tests", "Tests", "{8A7D4062-4920-49B7-8C8C-71F6FA4C9CFC}"
EndProject
Project("{2150E333-8FDC-42A3-9474-1A3956D46DE8}") = "Solution Items", "Solution Items", "{7360E857-828B-4867-8374-DB42D5D14055}"
	ProjectSection(SolutionItems) = preProject
		appveyor.yaml = appveyor.yaml
		build.cmd = build.cmd
		build.fsx = build.fsx
		README.md = README.md
	EndProjectSection
EndProject
Project("{9A19103F-16F7-4668-BE54-9A1E7A4F7556}") = "Dapperer.Tests.Unit", "Dapperer.Tests.Unit\Dapperer.Tests.Unit.csproj", "{FAAA36AA-8E69-4F98-ABE5-9971B220116E}"
EndProject
Project("{2150E333-8FDC-42A3-9474-1A3956D46DE8}") = "Examples", "Examples", "{9DECE8D9-F668-41FE-995B-AFA579674BF7}"
EndProject
Project("{9A19103F-16F7-4668-BE54-9A1E7A4F7556}") = "Dapperer.Example.Api", "Dapperer.Example.Api\Dapperer.Example.Api.csproj", "{B2472ECD-ACA4-4045-BCFA-B116A81781DA}"
EndProject
Project("{2150E333-8FDC-42A3-9474-1A3956D46DE8}") = "db", "db", "{6B355E79-A6D3-461A-810E-A4E941D26567}"
	ProjectSection(SolutionItems) = preProject
		db\TestTables.sql = db\TestTables.sql
	EndProjectSection
EndProject
Global
	GlobalSection(SolutionConfigurationPlatforms) = preSolution
		Debug|Any CPU = Debug|Any CPU
		Release|Any CPU = Release|Any CPU
	EndGlobalSection
	GlobalSection(ProjectConfigurationPlatforms) = postSolution
		{7A2A3C1D-FC60-4DCA-9692-4CBA76215F6D}.Debug|Any CPU.ActiveCfg = Debug|Any CPU
		{7A2A3C1D-FC60-4DCA-9692-4CBA76215F6D}.Debug|Any CPU.Build.0 = Debug|Any CPU
		{7A2A3C1D-FC60-4DCA-9692-4CBA76215F6D}.Release|Any CPU.ActiveCfg = Release|Any CPU
		{7A2A3C1D-FC60-4DCA-9692-4CBA76215F6D}.Release|Any CPU.Build.0 = Release|Any CPU
		{FAAA36AA-8E69-4F98-ABE5-9971B220116E}.Debug|Any CPU.ActiveCfg = Debug|Any CPU
		{FAAA36AA-8E69-4F98-ABE5-9971B220116E}.Debug|Any CPU.Build.0 = Debug|Any CPU
		{FAAA36AA-8E69-4F98-ABE5-9971B220116E}.Release|Any CPU.ActiveCfg = Release|Any CPU
		{FAAA36AA-8E69-4F98-ABE5-9971B220116E}.Release|Any CPU.Build.0 = Release|Any CPU
		{B2472ECD-ACA4-4045-BCFA-B116A81781DA}.Debug|Any CPU.ActiveCfg = Debug|Any CPU
		{B2472ECD-ACA4-4045-BCFA-B116A81781DA}.Debug|Any CPU.Build.0 = Debug|Any CPU
		{B2472ECD-ACA4-4045-BCFA-B116A81781DA}.Release|Any CPU.ActiveCfg = Release|Any CPU
		{B2472ECD-ACA4-4045-BCFA-B116A81781DA}.Release|Any CPU.Build.0 = Release|Any CPU
	EndGlobalSection
	GlobalSection(SolutionProperties) = preSolution
		HideSolutionNode = FALSE
	EndGlobalSection
	GlobalSection(NestedProjects) = preSolution
		{FAAA36AA-8E69-4F98-ABE5-9971B220116E} = {8A7D4062-4920-49B7-8C8C-71F6FA4C9CFC}
		{B2472ECD-ACA4-4045-BCFA-B116A81781DA} = {9DECE8D9-F668-41FE-995B-AFA579674BF7}
		{6B355E79-A6D3-461A-810E-A4E941D26567} = {7360E857-828B-4867-8374-DB42D5D14055}
	EndGlobalSection
	GlobalSection(ExtensibilityGlobals) = postSolution
		SolutionGuid = {209C82DD-F284-4B84-B119-07B08A58F948}
	EndGlobalSection
EndGlobal
